{
  "name": "part2-server",
  "version": "1.0.0",
  "lockfileVersion": 1,
  "requires": true,
  "dependencies": {
    "fs": {
      "version": "0.0.1-security",
      "resolved": "https://registry.npmjs.org/fs/-/fs-0.0.1-security.tgz",
      "integrity": "sha1-invTcYa23d84E/I4WLV+yq9eQdQ="
    },
    "titbit": {
      "version": "22.4.2",
      "resolved": "https://registry.npmjs.org/titbit/-/titbit-22.4.2.tgz",
      "integrity": "sha512-AvuuHHFA7GsR2MG2e1skf2k5RMubc2lytfJ2QJgzWlCkE9saIVR0mTIR+fc8LFJGuCYfcaVGo6jVRjQ8wmHMCA=="
    }
  }
}
